
Microsoft Visual Studio Solution File, Format Version 12.00
# Visual Studio Version 16
VisualStudioVersion = 16.0.30011.22
MinimumVisualStudioVersion = 10.0.40219.1
Project("{FAE04EC0-301F-11D3-BF4B-00C04F79EFBC}") = "Chuong4_part1", "Chuong4_part1.csproj", "{06904851-C13C-46AC-9576-9AA8920C2F7D}"
EndProject
Global
	GlobalSection(SolutionConfigurationPlatforms) = preSolution
		Debug|Any CPU = Debug|Any CPU
		Release|Any CPU = Release|Any CPU
	EndGlobalSection
	GlobalSection(ProjectConfigurationPlatforms) = postSolution
		{06904851-C13C-46AC-9576-9AA8920C2F7D}.Debug|Any CPU.ActiveCfg = Debug|Any CPU
		{06904851-C13C-46AC-9576-9AA8920C2F7D}.Debug|Any CPU.Build.0 = Debug|Any CPU
		{06904851-C13C-46AC-9576-9AA8920C2F7D}.Release|Any CPU.ActiveCfg = Release|Any CPU
		{06904851-C13C-46AC-9576-9AA8920C2F7D}.Release|Any CPU.Build.0 = Release|Any CPU
	EndGlobalSection
	GlobalSection(SolutionProperties) = preSolution
		HideSolutionNode = FALSE
	EndGlobalSection
	GlobalSection(ExtensibilityGlobals) = postSolution
		SolutionGuid = {4117C25D-280E-409A-A6BC-9C6D657C7E2B}
	EndGlobalSection
EndGlobal
